[root]
name = "ruby_on_rust"
version = "0.0.0"
dependencies = [
 "plex 0.0.3 (git+https://github.com/goffrie/plex)",
]

[[package]]
name = "bit-set"
version = "0.4.0"
source = "registry+https://github.com/rust-lang/crates.io-index"
dependencies = [
 "bit-vec 0.4.4 (registry+https://github.com/rust-lang/crates.io-index)",
]

[[package]]
name = "bit-vec"
version = "0.4.4"
source = "registry+https://github.com/rust-lang/crates.io-index"

[[package]]
name = "lalr"
version = "0.0.2"
source = "registry+https://github.com/rust-lang/crates.io-index"

[[package]]
name = "plex"
version = "0.0.3"
source = "git+https://github.com/goffrie/plex#fcddb337e54900a693a9a55d1cee833fa9f2d4d7"
dependencies = [
 "lalr 0.0.2 (registry+https://github.com/rust-lang/crates.io-index)",
 "redfa 0.0.2 (registry+https://github.com/rust-lang/crates.io-index)",
]

[[package]]
name = "redfa"
version = "0.0.2"
source = "registry+https://github.com/rust-lang/crates.io-index"
dependencies = [
 "bit-set 0.4.0 (registry+https://github.com/rust-lang/crates.io-index)",
 "vec_map 0.6.0 (registry+https://github.com/rust-lang/crates.io-index)",
]

[[package]]
name = "vec_map"
version = "0.6.0"
source = "registry+https://github.com/rust-lang/crates.io-index"

[metadata]
"checksum bit-set 0.4.0 (registry+https://github.com/rust-lang/crates.io-index)" = "d9bf6104718e80d7b26a68fdbacff3481cfc05df670821affc7e9cbc1884400c"
"checksum bit-vec 0.4.4 (registry+https://github.com/rust-lang/crates.io-index)" = "02b4ff8b16e6076c3e14220b39fbc1fabb6737522281a388998046859400895f"
"checksum lalr 0.0.2 (registry+https://github.com/rust-lang/crates.io-index)" = "106d7548f95adbe3019b4fc4954554d7b72535867aa9ce326d2f766b68958de7"
"checksum plex 0.0.3 (git+https://github.com/goffrie/plex)" = "<none>"
"checksum redfa 0.0.2 (registry+https://github.com/rust-lang/crates.io-index)" = "29cc2771cc9f5fb0061cdedc05a37170254694dffec6b89920a6e767f08c4220"
"checksum vec_map 0.6.0 (registry+https://github.com/rust-lang/crates.io-index)" = "cac5efe5cb0fa14ec2f84f83c701c562ee63f6dcc680861b21d65c682adfb05f"
